
Microsoft Visual Studio Solution File, Format Version 12.00
# Visual Studio Version 17
VisualStudioVersion = 17.14.36623.8 d17.14
MinimumVisualStudioVersion = 10.0.40219.1
Project("{FAE04EC0-301F-11D3-BF4B-00C04F79EFBC}") = "HelloWorld", "HelloWorld.csproj", "{84CE8029-4B4D-4A0F-8DFC-C6E0DDCC4209}"
EndProject
Global
	GlobalSection(SolutionConfigurationPlatforms) = preSolution
		Debug|Any CPU = Debug|Any CPU
		Release|Any CPU = Release|Any CPU
	EndGlobalSection
	GlobalSection(ProjectConfigurationPlatforms) = postSolution
		{84CE8029-4B4D-4A0F-8DFC-C6E0DDCC4209}.Debug|Any CPU.ActiveCfg = Debug|Any CPU
		{84CE8029-4B4D-4A0F-8DFC-C6E0DDCC4209}.Debug|Any CPU.Build.0 = Debug|Any CPU
		{84CE8029-4B4D-4A0F-8DFC-C6E0DDCC4209}.Release|Any CPU.ActiveCfg = Release|Any CPU
		{84CE8029-4B4D-4A0F-8DFC-C6E0DDCC4209}.Release|Any CPU.Build.0 = Release|Any CPU
	EndGlobalSection
	GlobalSection(SolutionProperties) = preSolution
		HideSolutionNode = FALSE
	EndGlobalSection
	GlobalSection(ExtensibilityGlobals) = postSolution
		SolutionGuid = {0011853E-8885-4E2C-9186-2F5582CD94B6}
	EndGlobalSection
EndGlobal
